
Microsoft Visual Studio Solution File, Format Version 12.00
# Visual Studio Version 17
VisualStudioVersion = 17.2.32616.157
MinimumVisualStudioVersion = 10.0.40219.1
Project("{FAE04EC0-301F-11D3-BF4B-00C04F79EFBC}") = "SensorDatabseWithScanner", "SensorDatabseWithScanner\SensorDatabseWithScanner.csproj", "{3ED48F7A-38B1-4A03-B6D8-C4FB1D17243C}"
EndProject
Project("{9A19103F-16F7-4668-BE54-9A1E7A4F7556}") = "Common", "..\My App\SensorApp\CommonStaff\Common.csproj", "{7D3B4C6B-FCF2-42F5-9A87-7C3F06D7F78A}"
EndProject
Global
	GlobalSection(SolutionConfigurationPlatforms) = preSolution
		Debug|Any CPU = Debug|Any CPU
		Debug|ARM32 = Debug|ARM32
		Release|Any CPU = Release|Any CPU
		Release|ARM32 = Release|ARM32
	EndGlobalSection
	GlobalSection(ProjectConfigurationPlatforms) = postSolution
		{3ED48F7A-38B1-4A03-B6D8-C4FB1D17243C}.Debug|Any CPU.ActiveCfg = Debug|Any CPU
		{3ED48F7A-38B1-4A03-B6D8-C4FB1D17243C}.Debug|Any CPU.Build.0 = Debug|Any CPU
		{3ED48F7A-38B1-4A03-B6D8-C4FB1D17243C}.Debug|ARM32.ActiveCfg = Debug|Any CPU
		{3ED48F7A-38B1-4A03-B6D8-C4FB1D17243C}.Debug|ARM32.Build.0 = Debug|Any CPU
		{3ED48F7A-38B1-4A03-B6D8-C4FB1D17243C}.Release|Any CPU.ActiveCfg = Release|Any CPU
		{3ED48F7A-38B1-4A03-B6D8-C4FB1D17243C}.Release|Any CPU.Build.0 = Release|Any CPU
		{3ED48F7A-38B1-4A03-B6D8-C4FB1D17243C}.Release|ARM32.ActiveCfg = Release|Any CPU
		{3ED48F7A-38B1-4A03-B6D8-C4FB1D17243C}.Release|ARM32.Build.0 = Release|Any CPU
		{7D3B4C6B-FCF2-42F5-9A87-7C3F06D7F78A}.Debug|Any CPU.ActiveCfg = Debug|Any CPU
		{7D3B4C6B-FCF2-42F5-9A87-7C3F06D7F78A}.Debug|Any CPU.Build.0 = Debug|Any CPU
		{7D3B4C6B-FCF2-42F5-9A87-7C3F06D7F78A}.Debug|ARM32.ActiveCfg = Debug|ARM32
		{7D3B4C6B-FCF2-42F5-9A87-7C3F06D7F78A}.Debug|ARM32.Build.0 = Debug|ARM32
		{7D3B4C6B-FCF2-42F5-9A87-7C3F06D7F78A}.Release|Any CPU.ActiveCfg = Release|Any CPU
		{7D3B4C6B-FCF2-42F5-9A87-7C3F06D7F78A}.Release|Any CPU.Build.0 = Release|Any CPU
		{7D3B4C6B-FCF2-42F5-9A87-7C3F06D7F78A}.Release|ARM32.ActiveCfg = Release|ARM32
		{7D3B4C6B-FCF2-42F5-9A87-7C3F06D7F78A}.Release|ARM32.Build.0 = Release|ARM32
	EndGlobalSection
	GlobalSection(SolutionProperties) = preSolution
		HideSolutionNode = FALSE
	EndGlobalSection
	GlobalSection(ExtensibilityGlobals) = postSolution
		SolutionGuid = {C34BE013-EC3D-4276-9AF5-898D694AEAF4}
	EndGlobalSection
EndGlobal
